
Microsoft Visual Studio Solution File, Format Version 12.00
# Visual Studio Version 17
VisualStudioVersion = 17.13.35828.75 d17.13
MinimumVisualStudioVersion = 10.0.40219.1
Project("{FAE04EC0-301F-11D3-BF4B-00C04F79EFBC}") = "GestaoDeEquipamentos2.ConsoleApp", "GestaoDeEquipamentos2.ConsoleApp\GestaoDeEquipamentos2.ConsoleApp.csproj", "{403F45E3-4FE6-474A-848B-03FCBAE1A04B}"
EndProject
Global
	GlobalSection(SolutionConfigurationPlatforms) = preSolution
		Debug|Any CPU = Debug|Any CPU
		Release|Any CPU = Release|Any CPU
	EndGlobalSection
	GlobalSection(ProjectConfigurationPlatforms) = postSolution
		{403F45E3-4FE6-474A-848B-03FCBAE1A04B}.Debug|Any CPU.ActiveCfg = Debug|Any CPU
		{403F45E3-4FE6-474A-848B-03FCBAE1A04B}.Debug|Any CPU.Build.0 = Debug|Any CPU
		{403F45E3-4FE6-474A-848B-03FCBAE1A04B}.Release|Any CPU.ActiveCfg = Release|Any CPU
		{403F45E3-4FE6-474A-848B-03FCBAE1A04B}.Release|Any CPU.Build.0 = Release|Any CPU
	EndGlobalSection
	GlobalSection(SolutionProperties) = preSolution
		HideSolutionNode = FALSE
	EndGlobalSection
	GlobalSection(ExtensibilityGlobals) = postSolution
		SolutionGuid = {15301B82-AF5D-422E-8668-691D653290AB}
	EndGlobalSection
EndGlobal
